
Microsoft Visual Studio Solution File, Format Version 12.00
# Visual Studio Version 17
VisualStudioVersion = 17.3.32929.385
MinimumVisualStudioVersion = 10.0.40219.1
Project("{9A19103F-16F7-4668-BE54-9A1E7A4F7556}") = "ApplicationToLearnTest", "ApplicationToLearnTest\ApplicationToLearnTest.csproj", "{A3BF97B9-32AB-4B7B-8CD8-765EB78EAEFE}"
EndProject
Project("{9A19103F-16F7-4668-BE54-9A1E7A4F7556}") = "MyTests", "MyTests\MyTests.csproj", "{D3E7C647-B087-4B82-A256-19D2DFEA6CCB}"
EndProject
Project("{9A19103F-16F7-4668-BE54-9A1E7A4F7556}") = "IntegrationTests", "IntegrationTests\IntegrationTests.csproj", "{6BBDDE2A-C600-4CF1-93C1-927C7052EBF5}"
EndProject
Project("{9A19103F-16F7-4668-BE54-9A1E7A4F7556}") = "AppiumTests", "AppiumTests\AppiumTests.csproj", "{E647FBE5-DF3B-4AEC-879E-E50A46970F7D}"
EndProject
Project("{FAE04EC0-301F-11D3-BF4B-00C04F79EFBC}") = "SeleniumTests", "SeleniumTests\SeleniumTests.csproj", "{F1AD6154-5578-43FF-BACD-966FDB9E8AA1}"
EndProject
Global
	GlobalSection(SolutionConfigurationPlatforms) = preSolution
		Debug|Any CPU = Debug|Any CPU
		Release|Any CPU = Release|Any CPU
	EndGlobalSection
	GlobalSection(ProjectConfigurationPlatforms) = postSolution
		{A3BF97B9-32AB-4B7B-8CD8-765EB78EAEFE}.Debug|Any CPU.ActiveCfg = Debug|Any CPU
		{A3BF97B9-32AB-4B7B-8CD8-765EB78EAEFE}.Debug|Any CPU.Build.0 = Debug|Any CPU
		{A3BF97B9-32AB-4B7B-8CD8-765EB78EAEFE}.Release|Any CPU.ActiveCfg = Release|Any CPU
		{A3BF97B9-32AB-4B7B-8CD8-765EB78EAEFE}.Release|Any CPU.Build.0 = Release|Any CPU
		{D3E7C647-B087-4B82-A256-19D2DFEA6CCB}.Debug|Any CPU.ActiveCfg = Debug|Any CPU
		{D3E7C647-B087-4B82-A256-19D2DFEA6CCB}.Debug|Any CPU.Build.0 = Debug|Any CPU
		{D3E7C647-B087-4B82-A256-19D2DFEA6CCB}.Release|Any CPU.ActiveCfg = Release|Any CPU
		{D3E7C647-B087-4B82-A256-19D2DFEA6CCB}.Release|Any CPU.Build.0 = Release|Any CPU
		{6BBDDE2A-C600-4CF1-93C1-927C7052EBF5}.Debug|Any CPU.ActiveCfg = Debug|Any CPU
		{6BBDDE2A-C600-4CF1-93C1-927C7052EBF5}.Debug|Any CPU.Build.0 = Debug|Any CPU
		{6BBDDE2A-C600-4CF1-93C1-927C7052EBF5}.Release|Any CPU.ActiveCfg = Release|Any CPU
		{6BBDDE2A-C600-4CF1-93C1-927C7052EBF5}.Release|Any CPU.Build.0 = Release|Any CPU
		{E647FBE5-DF3B-4AEC-879E-E50A46970F7D}.Debug|Any CPU.ActiveCfg = Debug|Any CPU
		{E647FBE5-DF3B-4AEC-879E-E50A46970F7D}.Debug|Any CPU.Build.0 = Debug|Any CPU
		{E647FBE5-DF3B-4AEC-879E-E50A46970F7D}.Release|Any CPU.ActiveCfg = Release|Any CPU
		{E647FBE5-DF3B-4AEC-879E-E50A46970F7D}.Release|Any CPU.Build.0 = Release|Any CPU
		{F1AD6154-5578-43FF-BACD-966FDB9E8AA1}.Debug|Any CPU.ActiveCfg = Debug|Any CPU
		{F1AD6154-5578-43FF-BACD-966FDB9E8AA1}.Debug|Any CPU.Build.0 = Debug|Any CPU
		{F1AD6154-5578-43FF-BACD-966FDB9E8AA1}.Release|Any CPU.ActiveCfg = Release|Any CPU
		{F1AD6154-5578-43FF-BACD-966FDB9E8AA1}.Release|Any CPU.Build.0 = Release|Any CPU
	EndGlobalSection
	GlobalSection(SolutionProperties) = preSolution
		HideSolutionNode = FALSE
	EndGlobalSection
	GlobalSection(ExtensibilityGlobals) = postSolution
		SolutionGuid = {0AEAF56A-9952-4B64-B20A-CE4146AF0AAA}
	EndGlobalSection
EndGlobal
